// !$*UTF8*$!
{
	archiveVersion = 1;
	classes = {
	};
	objectVersion = 46;
	objects = {

/* Begin PBXBuildFile section */
		394067B41AD720C50090DCD6 /* main.m in Sources */ = {isa = PBXBuildFile; fileRef = 394067B31AD720C50090DCD6 /* main.m */; };
		394067BC1AD720EB0090DCD6 /* XYPoint.m in Sources */ = {isa = PBXBuildFile; fileRef = 394067BB1AD720EB0090DCD6 /* XYPoint.m */; };
/* End PBXBuildFile section */

/* Begin PBXCopyFilesBuildPhase section */
		394067AE1AD720C50090DCD6 /* CopyFiles */ = {
			isa = PBXCopyFilesBuildPhase;
			buildActionMask = 2147483647;
			dstPath = /usr/share/man/man1/;
			dstSubfolderSpec = 0;
			files = (
			);
			runOnlyForDeploymentPostprocessing = 1;
		};
/* End PBXCopyFilesBuildPhase section */

/* Begin PBXFileReference section */
		394067B01AD720C50090DCD6 /* Day5_Challenge2 */ = {isa = PBXFileReference; explicitFileType = "compiled.mach-o.executable"; includeInIndex = 0; path = Day5_Challenge2; sourceTree = BUILT_PRODUCTS_DIR; };
		394067B31AD720C50090DCD6 /* main.m */ = {isa = PBXFileReference; lastKnownFileType = sourcecode.c.objc; path = main.m; sourceTree = "<group>"; };
		394067BA1AD720EB0090DCD6 /* XYPoint.h */ = {isa = PBXFileReference; fileEncoding = 4; lastKnownFileType = sourcecode.c.h; path = XYPoint.h; sourceTree = "<group>"; };
		394067BB1AD720EB0090DCD6 /* XYPoint.m */ = {isa = PBXFileReference; fileEncoding = 4; lastKnownFileType = sourcecode.c.objc; path = XYPoint.m; sourceTree = "<group>"; };
/* End PBXFileReference section */

/* Begin PBXFrameworksBuildPhase section */
		394067AD1AD720C50090DCD6 /* Frameworks */ = {
			isa = PBXFrameworksBuildPhase;
			buildActionMask = 2147483647;
			files = (
			);
			runOnlyForDeploymentPostprocessing = 0;
		};
/* End PBXFrameworksBuildPhase section */

/* Begin PBXGroup section */
		394067A71AD720C50090DCD6 = {
			isa = PBXGroup;
			children = (
				394067BA1AD720EB0090DCD6 /* XYPoint.h */,
				394067BB1AD720EB0090DCD6 /* XYPoint.m */,
				394067B21AD720C50090DCD6 /* Day5_Challenge2 */,
				394067B11AD720C50090DCD6 /* Products */,
			);
			sourceTree = "<group>";
		};
		394067B11AD720C50090DCD6 /* Products */ = {
			isa = PBXGroup;
			children = (
				394067B01AD720C50090DCD6 /* Day5_Challenge2 */,
			);
			name = Products;
			sourceTree = "<group>";
		};
		394067B21AD720C50090DCD6 /* Day5_Challenge2 */ = {
			isa = PBXGroup;
			children = (
				394067B31AD720C50090DCD6 /* main.m */,
			);
			path = Day5_Challenge2;
			sourceTree = "<group>";
		};
/* End PBXGroup section */

/* Begin PBXNativeTarget section */
		394067AF1AD720C50090DCD6 /* Day5_Challenge2 */ = {
			isa = PBXNativeTarget;
			buildConfigurationList = 394067B71AD720C50090DCD6 /* Build configuration list for PBXNativeTarget "Day5_Challenge2" */;
			buildPhases = (
				394067AC1AD720C50090DCD6 /* Sources */,
				394067AD1AD720C50090DCD6 /* Frameworks */,
				394067AE1AD720C50090DCD6 /* CopyFiles */,
			);
			buildRules = (
			);
			dependencies = (
			);
			name = Day5_Challenge2;
			productName = Day5_Challenge2;
			productReference = 394067B01AD720C50090DCD6 /* Day5_Challenge2 */;
			productType = "com.apple.product-type.tool";
		};
/* End PBXNativeTarget section */

/* Begin PBXProject section */
		394067A81AD720C50090DCD6 /* Project object */ = {
			isa = PBXProject;
			attributes = {
				LastUpgradeCheck = 0620;
				ORGANIZATIONNAME = "Codes By Craig";
				TargetAttributes = {
					394067AF1AD720C50090DCD6 = {
						CreatedOnToolsVersion = 6.2;
					};
				};
			};
			buildConfigurationList = 394067AB1AD720C50090DCD6 /* Build configuration list for PBXProject "Day5_Challenge2" */;
			compatibilityVersion = "Xcode 3.2";
			developmentRegion = English;
			hasScannedForEncodings = 0;
			knownRegions = (
				en,
			);
			mainGroup = 394067A71AD720C50090DCD6;
			productRefGroup = 394067B11AD720C50090DCD6 /* Products */;
			projectDirPath = "";
			projectRoot = "";
			targets = (
				394067AF1AD720C50090DCD6 /* Day5_Challenge2 */,
			);
		};
/* End PBXProject section */

/* Begin PBXSourcesBuildPhase section */
		394067AC1AD720C50090DCD6 /* Sources */ = {
			isa = PBXSourcesBuildPhase;
			buildActionMask = 2147483647;
			files = (
				394067B41AD720C50090DCD6 /* main.m in Sources */,
				394067BC1AD720EB0090DCD6 /* XYPoint.m in Sources */,
			);
			runOnlyForDeploymentPostprocessing = 0;
		};
/* End PBXSourcesBuildPhase section */

/* Begin XCBuildConfiguration section */
		394067B51AD720C50090DCD6 /* Debug */ = {
			isa = XCBuildConfiguration;
			buildSettings = {
				ALWAYS_SEARCH_USER_PATHS = NO;
				CLANG_CXX_LANGUAGE_STANDARD = "gnu++0x";
				CLANG_CXX_LIBRARY = "libc++";
				CLANG_ENABLE_MODULES = YES;
				CLANG_ENABLE_OBJC_ARC = YES;
				CLANG_WARN_BOOL_CONVERSION = YES;
				CLANG_WARN_CONSTANT_CONVERSION = YES;
				CLANG_WARN_DIRECT_OBJC_ISA_USAGE = YES_ERROR;
				CLANG_WARN_EMPTY_BODY = YES;
				CLANG_WARN_ENUM_CONVERSION = YES;
				CLANG_WARN_INT_CONVERSION = YES;
				CLANG_WARN_OBJC_ROOT_CLASS = YES_ERROR;
				CLANG_WARN_UNREACHABLE_CODE = YES;
				CLANG_WARN__DUPLICATE_METHOD_MATCH = YES;
				COPY_PHASE_STRIP = NO;
				ENABLE_STRICT_OBJC_MSGSEND = YES;
				GCC_C_LANGUAGE_STANDARD = gnu99;
				GCC_DYNAMIC_NO_PIC = NO;
				GCC_OPTIMIZATION_LEVEL = 0;
				GCC_PREPROCESSOR_DEFINITIONS = (
					"DEBUG=1",
					"$(inherited)",
				);
				GCC_SYMBOLS_PRIVATE_EXTERN = NO;
				GCC_WARN_64_TO_32_BIT_CONVERSION = YES;
				GCC_WARN_ABOUT_RETURN_TYPE = YES_ERROR;
				GCC_WARN_UNDECLARED_SELECTOR = YES;
				GCC_WARN_UNINITIALIZED_AUTOS = YES_AGGRESSIVE;
				GCC_WARN_UNUSED_FUNCTION = YES;
				GCC_WARN_UNUSED_VARIABLE = YES;
				MACOSX_DEPLOYMENT_TARGET = 10.10;
				MTL_ENABLE_DEBUG_INFO = YES;
				ONLY_ACTIVE_ARCH = YES;
				SDKROOT = macosx;
			};
			name = Debug;
		};
		394067B61AD720C50090DCD6 /* Release */ = {
			isa = XCBuildConfiguration;
			buildSettings = {
				ALWAYS_SEARCH_USER_PATHS = NO;
				CLANG_CXX_LANGUAGE_STANDARD = "gnu++0x";
				CLANG_CXX_LIBRARY = "libc++";
				CLANG_ENABLE_MODULES = YES;
				CLANG_ENABLE_OBJC_ARC = YES;
				CLANG_WARN_BOOL_CONVERSION = YES;
				CLANG_WARN_CONSTANT_CONVERSION = YES;
				CLANG_WARN_DIRECT_OBJC_ISA_USAGE = YES_ERROR;
				CLANG_WARN_EMPTY_BODY = YES;
				CLANG_WARN_ENUM_CONVERSION = YES;
				CLANG_WARN_INT_CONVERSION = YES;
				CLANG_WARN_OBJC_ROOT_CLASS = YES_ERROR;
				CLANG_WARN_UNREACHABLE_CODE = YES;
				CLANG_WARN__DUPLICATE_METHOD_MATCH = YES;
				COPY_PHASE_STRIP = NO;
				DEBUG_INFORMATION_FORMAT = "dwarf-with-dsym";
				ENABLE_NS_ASSERTIONS = NO;
				ENABLE_STRICT_OBJC_MSGSEND = YES;
				GCC_C_LANGUAGE_STANDARD = gnu99;
				GCC_WARN_64_TO_32_BIT_CONVERSION = YES;
				GCC_WARN_ABOUT_RETURN_TYPE = YES_ERROR;
				GCC_WARN_UNDECLARED_SELECTOR = YES;
				GCC_WARN_UNINITIALIZED_AUTOS = YES_AGGRESSIVE;
				GCC_WARN_UNUSED_FUNCTION = YES;
				GCC_WARN_UNUSED_VARIABLE = YES;
				MACOSX_DEPLOYMENT_TARGET = 10.10;
				MTL_ENABLE_DEBUG_INFO = NO;
				SDKROOT = macosx;
			};
			name = Release;
		};
		394067B81AD720C50090DCD6 /* Debug */ = {
			isa = XCBuildConfiguration;
			buildSettings = {
				PRODUCT_NAME = "$(TARGET_NAME)";
			};
			name = Debug;
		};
		394067B91AD720C50090DCD6 /* Release */ = {
			isa = XCBuildConfiguration;
			buildSettings = {
				PRODUCT_NAME = "$(TARGET_NAME)";
			};
			name = Release;
		};
/* End XCBuildConfiguration section */

/* Begin XCConfigurationList section */
		394067AB1AD720C50090DCD6 /* Build configuration list for PBXProject "Day5_Challenge2" */ = {
			isa = XCConfigurationList;
			buildConfigurations = (
				394067B51AD720C50090DCD6 /* Debug */,
				394067B61AD720C50090DCD6 /* Release */,
			);
			defaultConfigurationIsVisible = 0;
			defaultConfigurationName = Release;
		};
		394067B71AD720C50090DCD6 /* Build configuration list for PBXNativeTarget "Day5_Challenge2" */ = {
			isa = XCConfigurationList;
			buildConfigurations = (
				394067B81AD720C50090DCD6 /* Debug */,
				394067B91AD720C50090DCD6 /* Release */,
			);
			defaultConfigurationIsVisible = 0;
		};
/* End XCConfigurationList section */
	};
	rootObject = 394067A81AD720C50090DCD6 /* Project object */;
}
